
Microsoft Visual Studio Solution File, Format Version 12.00
# Visual Studio Version 16
VisualStudioVersion = 16.0.30717.126
MinimumVisualStudioVersion = 10.0.40219.1
Project("{FAE04EC0-301F-11D3-BF4B-00C04F79EFBC}") = "LabbXamarinAndroidUWP.UWP", "LabbXamarinAndroidUWP\LabbXamarinAndroidUWP.UWP\LabbXamarinAndroidUWP.UWP.csproj", "{F5AAD350-DB1B-40BA-BEAB-A187177D3EC7}"
EndProject
Project("{FAE04EC0-301F-11D3-BF4B-00C04F79EFBC}") = "LabbXamarinAndroidUWP.Android", "LabbXamarinAndroidUWP\LabbXamarinAndroidUWP.Android\LabbXamarinAndroidUWP.Android.csproj", "{83524A67-E94D-49AA-BC5C-F0D7855F20B5}"
EndProject
Project("{FAE04EC0-301F-11D3-BF4B-00C04F79EFBC}") = "LabbXamarinAndroidUWP", "LabbXamarinAndroidUWP\LabbXamarinAndroidUWP\LabbXamarinAndroidUWP.csproj", "{96FB54A7-7F18-41C8-BAC2-C1470FE0AFE0}"
EndProject
Global
	GlobalSection(SolutionConfigurationPlatforms) = preSolution
		Debug|Any CPU = Debug|Any CPU
		Debug|ARM = Debug|ARM
		Debug|x64 = Debug|x64
		Debug|x86 = Debug|x86
		Release|Any CPU = Release|Any CPU
		Release|ARM = Release|ARM
		Release|x64 = Release|x64
		Release|x86 = Release|x86
	EndGlobalSection
	GlobalSection(ProjectConfigurationPlatforms) = postSolution
		{F5AAD350-DB1B-40BA-BEAB-A187177D3EC7}.Debug|Any CPU.ActiveCfg = Debug|x86
		{F5AAD350-DB1B-40BA-BEAB-A187177D3EC7}.Debug|Any CPU.Build.0 = Debug|x86
		{F5AAD350-DB1B-40BA-BEAB-A187177D3EC7}.Debug|Any CPU.Deploy.0 = Debug|x86
		{F5AAD350-DB1B-40BA-BEAB-A187177D3EC7}.Debug|ARM.ActiveCfg = Debug|ARM
		{F5AAD350-DB1B-40BA-BEAB-A187177D3EC7}.Debug|ARM.Build.0 = Debug|ARM
		{F5AAD350-DB1B-40BA-BEAB-A187177D3EC7}.Debug|ARM.Deploy.0 = Debug|ARM
		{F5AAD350-DB1B-40BA-BEAB-A187177D3EC7}.Debug|x64.ActiveCfg = Debug|x64
		{F5AAD350-DB1B-40BA-BEAB-A187177D3EC7}.Debug|x64.Build.0 = Debug|x64
		{F5AAD350-DB1B-40BA-BEAB-A187177D3EC7}.Debug|x64.Deploy.0 = Debug|x64
		{F5AAD350-DB1B-40BA-BEAB-A187177D3EC7}.Debug|x86.ActiveCfg = Debug|x86
		{F5AAD350-DB1B-40BA-BEAB-A187177D3EC7}.Debug|x86.Build.0 = Debug|x86
		{F5AAD350-DB1B-40BA-BEAB-A187177D3EC7}.Debug|x86.Deploy.0 = Debug|x86
		{F5AAD350-DB1B-40BA-BEAB-A187177D3EC7}.Release|Any CPU.ActiveCfg = Release|x86
		{F5AAD350-DB1B-40BA-BEAB-A187177D3EC7}.Release|Any CPU.Build.0 = Release|x86
		{F5AAD350-DB1B-40BA-BEAB-A187177D3EC7}.Release|Any CPU.Deploy.0 = Release|x86
		{F5AAD350-DB1B-40BA-BEAB-A187177D3EC7}.Release|ARM.ActiveCfg = Release|ARM
		{F5AAD350-DB1B-40BA-BEAB-A187177D3EC7}.Release|ARM.Build.0 = Release|ARM
		{F5AAD350-DB1B-40BA-BEAB-A187177D3EC7}.Release|ARM.Deploy.0 = Release|ARM
		{F5AAD350-DB1B-40BA-BEAB-A187177D3EC7}.Release|x64.ActiveCfg = Release|x64
		{F5AAD350-DB1B-40BA-BEAB-A187177D3EC7}.Release|x64.Build.0 = Release|x64
		{F5AAD350-DB1B-40BA-BEAB-A187177D3EC7}.Release|x64.Deploy.0 = Release|x64
		{F5AAD350-DB1B-40BA-BEAB-A187177D3EC7}.Release|x86.ActiveCfg = Release|x86
		{F5AAD350-DB1B-40BA-BEAB-A187177D3EC7}.Release|x86.Build.0 = Release|x86
		{F5AAD350-DB1B-40BA-BEAB-A187177D3EC7}.Release|x86.Deploy.0 = Release|x86
		{83524A67-E94D-49AA-BC5C-F0D7855F20B5}.Debug|Any CPU.ActiveCfg = Debug|Any CPU
		{83524A67-E94D-49AA-BC5C-F0D7855F20B5}.Debug|Any CPU.Build.0 = Debug|Any CPU
		{83524A67-E94D-49AA-BC5C-F0D7855F20B5}.Debug|Any CPU.Deploy.0 = Debug|Any CPU
		{83524A67-E94D-49AA-BC5C-F0D7855F20B5}.Debug|ARM.ActiveCfg = Debug|Any CPU
		{83524A67-E94D-49AA-BC5C-F0D7855F20B5}.Debug|ARM.Build.0 = Debug|Any CPU
		{83524A67-E94D-49AA-BC5C-F0D7855F20B5}.Debug|ARM.Deploy.0 = Debug|Any CPU
		{83524A67-E94D-49AA-BC5C-F0D7855F20B5}.Debug|x64.ActiveCfg = Debug|Any CPU
		{83524A67-E94D-49AA-BC5C-F0D7855F20B5}.Debug|x64.Build.0 = Debug|Any CPU
		{83524A67-E94D-49AA-BC5C-F0D7855F20B5}.Debug|x64.Deploy.0 = Debug|Any CPU
		{83524A67-E94D-49AA-BC5C-F0D7855F20B5}.Debug|x86.ActiveCfg = Debug|Any CPU
		{83524A67-E94D-49AA-BC5C-F0D7855F20B5}.Debug|x86.Build.0 = Debug|Any CPU
		{83524A67-E94D-49AA-BC5C-F0D7855F20B5}.Debug|x86.Deploy.0 = Debug|Any CPU
		{83524A67-E94D-49AA-BC5C-F0D7855F20B5}.Release|Any CPU.ActiveCfg = Release|Any CPU
		{83524A67-E94D-49AA-BC5C-F0D7855F20B5}.Release|Any CPU.Build.0 = Release|Any CPU
		{83524A67-E94D-49AA-BC5C-F0D7855F20B5}.Release|Any CPU.Deploy.0 = Release|Any CPU
		{83524A67-E94D-49AA-BC5C-F0D7855F20B5}.Release|ARM.ActiveCfg = Release|Any CPU
		{83524A67-E94D-49AA-BC5C-F0D7855F20B5}.Release|ARM.Build.0 = Release|Any CPU
		{83524A67-E94D-49AA-BC5C-F0D7855F20B5}.Release|ARM.Deploy.0 = Release|Any CPU
		{83524A67-E94D-49AA-BC5C-F0D7855F20B5}.Release|x64.ActiveCfg = Release|Any CPU
		{83524A67-E94D-49AA-BC5C-F0D7855F20B5}.Release|x64.Build.0 = Release|Any CPU
		{83524A67-E94D-49AA-BC5C-F0D7855F20B5}.Release|x64.Deploy.0 = Release|Any CPU
		{83524A67-E94D-49AA-BC5C-F0D7855F20B5}.Release|x86.ActiveCfg = Release|Any CPU
		{83524A67-E94D-49AA-BC5C-F0D7855F20B5}.Release|x86.Build.0 = Release|Any CPU
		{83524A67-E94D-49AA-BC5C-F0D7855F20B5}.Release|x86.Deploy.0 = Release|Any CPU
		{96FB54A7-7F18-41C8-BAC2-C1470FE0AFE0}.Debug|Any CPU.ActiveCfg = Debug|Any CPU
		{96FB54A7-7F18-41C8-BAC2-C1470FE0AFE0}.Debug|Any CPU.Build.0 = Debug|Any CPU
		{96FB54A7-7F18-41C8-BAC2-C1470FE0AFE0}.Debug|Any CPU.Deploy.0 = Debug|Any CPU
		{96FB54A7-7F18-41C8-BAC2-C1470FE0AFE0}.Debug|ARM.ActiveCfg = Debug|Any CPU
		{96FB54A7-7F18-41C8-BAC2-C1470FE0AFE0}.Debug|ARM.Build.0 = Debug|Any CPU
		{96FB54A7-7F18-41C8-BAC2-C1470FE0AFE0}.Debug|ARM.Deploy.0 = Debug|Any CPU
		{96FB54A7-7F18-41C8-BAC2-C1470FE0AFE0}.Debug|x64.ActiveCfg = Debug|Any CPU
		{96FB54A7-7F18-41C8-BAC2-C1470FE0AFE0}.Debug|x64.Build.0 = Debug|Any CPU
		{96FB54A7-7F18-41C8-BAC2-C1470FE0AFE0}.Debug|x64.Deploy.0 = Debug|Any CPU
		{96FB54A7-7F18-41C8-BAC2-C1470FE0AFE0}.Debug|x86.ActiveCfg = Debug|Any CPU
		{96FB54A7-7F18-41C8-BAC2-C1470FE0AFE0}.Debug|x86.Build.0 = Debug|Any CPU
		{96FB54A7-7F18-41C8-BAC2-C1470FE0AFE0}.Debug|x86.Deploy.0 = Debug|Any CPU
		{96FB54A7-7F18-41C8-BAC2-C1470FE0AFE0}.Release|Any CPU.ActiveCfg = Release|Any CPU
		{96FB54A7-7F18-41C8-BAC2-C1470FE0AFE0}.Release|Any CPU.Build.0 = Release|Any CPU
		{96FB54A7-7F18-41C8-BAC2-C1470FE0AFE0}.Release|Any CPU.Deploy.0 = Release|Any CPU
		{96FB54A7-7F18-41C8-BAC2-C1470FE0AFE0}.Release|ARM.ActiveCfg = Release|Any CPU
		{96FB54A7-7F18-41C8-BAC2-C1470FE0AFE0}.Release|ARM.Build.0 = Release|Any CPU
		{96FB54A7-7F18-41C8-BAC2-C1470FE0AFE0}.Release|ARM.Deploy.0 = Release|Any CPU
		{96FB54A7-7F18-41C8-BAC2-C1470FE0AFE0}.Release|x64.ActiveCfg = Release|Any CPU
		{96FB54A7-7F18-41C8-BAC2-C1470FE0AFE0}.Release|x64.Build.0 = Release|Any CPU
		{96FB54A7-7F18-41C8-BAC2-C1470FE0AFE0}.Release|x64.Deploy.0 = Release|Any CPU
		{96FB54A7-7F18-41C8-BAC2-C1470FE0AFE0}.Release|x86.ActiveCfg = Release|Any CPU
		{96FB54A7-7F18-41C8-BAC2-C1470FE0AFE0}.Release|x86.Build.0 = Release|Any CPU
		{96FB54A7-7F18-41C8-BAC2-C1470FE0AFE0}.Release|x86.Deploy.0 = Release|Any CPU
	EndGlobalSection
	GlobalSection(SolutionProperties) = preSolution
		HideSolutionNode = FALSE
	EndGlobalSection
	GlobalSection(ExtensibilityGlobals) = postSolution
		SolutionGuid = {95CC5A5F-693F-47BA-9413-058E72FD69C2}
	EndGlobalSection
EndGlobal
